
Microsoft Visual Studio Solution File, Format Version 12.00
# Visual Studio Version 16
VisualStudioVersion = 16.0.28803.156
MinimumVisualStudioVersion = 10.0.40219.1
Project("{9A19103F-16F7-4668-BE54-9A1E7A4F7556}") = "Tweezers", "Tweezers\Tweezers.csproj", "{CEF4DA71-CB60-47FB-B9F7-C58542EC8C9F}"
EndProject
Project("{9A19103F-16F7-4668-BE54-9A1E7A4F7556}") = "Api", "Api\Api.csproj", "{FBB702CA-13B8-40AC-AF46-486AEB5BC22E}"
EndProject
Project("{9A19103F-16F7-4668-BE54-9A1E7A4F7556}") = "Identity", "Identity\Identity.csproj", "{63EC5980-9273-446D-A301-0374A17D1C37}"
EndProject
Project("{9A19103F-16F7-4668-BE54-9A1E7A4F7556}") = "Schema", "Schema\Schema.csproj", "{C519841D-9907-444E-92DC-8CB81D7E0BEC}"
EndProject
Global
	GlobalSection(SolutionConfigurationPlatforms) = preSolution
		Debug|Any CPU = Debug|Any CPU
		Debug|x64 = Debug|x64
		Debug|x86 = Debug|x86
		Release|Any CPU = Release|Any CPU
		Release|x64 = Release|x64
		Release|x86 = Release|x86
	EndGlobalSection
	GlobalSection(ProjectConfigurationPlatforms) = postSolution
		{CEF4DA71-CB60-47FB-B9F7-C58542EC8C9F}.Debug|Any CPU.ActiveCfg = Debug|Any CPU
		{CEF4DA71-CB60-47FB-B9F7-C58542EC8C9F}.Debug|Any CPU.Build.0 = Debug|Any CPU
		{CEF4DA71-CB60-47FB-B9F7-C58542EC8C9F}.Debug|x64.ActiveCfg = Debug|Any CPU
		{CEF4DA71-CB60-47FB-B9F7-C58542EC8C9F}.Debug|x64.Build.0 = Debug|Any CPU
		{CEF4DA71-CB60-47FB-B9F7-C58542EC8C9F}.Debug|x86.ActiveCfg = Debug|Any CPU
		{CEF4DA71-CB60-47FB-B9F7-C58542EC8C9F}.Debug|x86.Build.0 = Debug|Any CPU
		{CEF4DA71-CB60-47FB-B9F7-C58542EC8C9F}.Release|Any CPU.ActiveCfg = Release|Any CPU
		{CEF4DA71-CB60-47FB-B9F7-C58542EC8C9F}.Release|Any CPU.Build.0 = Release|Any CPU
		{CEF4DA71-CB60-47FB-B9F7-C58542EC8C9F}.Release|x64.ActiveCfg = Release|Any CPU
		{CEF4DA71-CB60-47FB-B9F7-C58542EC8C9F}.Release|x64.Build.0 = Release|Any CPU
		{CEF4DA71-CB60-47FB-B9F7-C58542EC8C9F}.Release|x86.ActiveCfg = Release|Any CPU
		{CEF4DA71-CB60-47FB-B9F7-C58542EC8C9F}.Release|x86.Build.0 = Release|Any CPU
		{FBB702CA-13B8-40AC-AF46-486AEB5BC22E}.Debug|Any CPU.ActiveCfg = Debug|Any CPU
		{FBB702CA-13B8-40AC-AF46-486AEB5BC22E}.Debug|Any CPU.Build.0 = Debug|Any CPU
		{FBB702CA-13B8-40AC-AF46-486AEB5BC22E}.Debug|x64.ActiveCfg = Debug|Any CPU
		{FBB702CA-13B8-40AC-AF46-486AEB5BC22E}.Debug|x64.Build.0 = Debug|Any CPU
		{FBB702CA-13B8-40AC-AF46-486AEB5BC22E}.Debug|x86.ActiveCfg = Debug|Any CPU
		{FBB702CA-13B8-40AC-AF46-486AEB5BC22E}.Debug|x86.Build.0 = Debug|Any CPU
		{FBB702CA-13B8-40AC-AF46-486AEB5BC22E}.Release|Any CPU.ActiveCfg = Release|Any CPU
		{FBB702CA-13B8-40AC-AF46-486AEB5BC22E}.Release|Any CPU.Build.0 = Release|Any CPU
		{FBB702CA-13B8-40AC-AF46-486AEB5BC22E}.Release|x64.ActiveCfg = Release|Any CPU
		{FBB702CA-13B8-40AC-AF46-486AEB5BC22E}.Release|x64.Build.0 = Release|Any CPU
		{FBB702CA-13B8-40AC-AF46-486AEB5BC22E}.Release|x86.ActiveCfg = Release|Any CPU
		{FBB702CA-13B8-40AC-AF46-486AEB5BC22E}.Release|x86.Build.0 = Release|Any CPU
		{63EC5980-9273-446D-A301-0374A17D1C37}.Debug|Any CPU.ActiveCfg = Debug|Any CPU
		{63EC5980-9273-446D-A301-0374A17D1C37}.Debug|Any CPU.Build.0 = Debug|Any CPU
		{63EC5980-9273-446D-A301-0374A17D1C37}.Debug|x64.ActiveCfg = Debug|Any CPU
		{63EC5980-9273-446D-A301-0374A17D1C37}.Debug|x64.Build.0 = Debug|Any CPU
		{63EC5980-9273-446D-A301-0374A17D1C37}.Debug|x86.ActiveCfg = Debug|Any CPU
		{63EC5980-9273-446D-A301-0374A17D1C37}.Debug|x86.Build.0 = Debug|Any CPU
		{63EC5980-9273-446D-A301-0374A17D1C37}.Release|Any CPU.ActiveCfg = Release|Any CPU
		{63EC5980-9273-446D-A301-0374A17D1C37}.Release|Any CPU.Build.0 = Release|Any CPU
		{63EC5980-9273-446D-A301-0374A17D1C37}.Release|x64.ActiveCfg = Release|Any CPU
		{63EC5980-9273-446D-A301-0374A17D1C37}.Release|x64.Build.0 = Release|Any CPU
		{63EC5980-9273-446D-A301-0374A17D1C37}.Release|x86.ActiveCfg = Release|Any CPU
		{63EC5980-9273-446D-A301-0374A17D1C37}.Release|x86.Build.0 = Release|Any CPU
		{C519841D-9907-444E-92DC-8CB81D7E0BEC}.Debug|Any CPU.ActiveCfg = Debug|Any CPU
		{C519841D-9907-444E-92DC-8CB81D7E0BEC}.Debug|Any CPU.Build.0 = Debug|Any CPU
		{C519841D-9907-444E-92DC-8CB81D7E0BEC}.Debug|x64.ActiveCfg = Debug|Any CPU
		{C519841D-9907-444E-92DC-8CB81D7E0BEC}.Debug|x64.Build.0 = Debug|Any CPU
		{C519841D-9907-444E-92DC-8CB81D7E0BEC}.Debug|x86.ActiveCfg = Debug|Any CPU
		{C519841D-9907-444E-92DC-8CB81D7E0BEC}.Debug|x86.Build.0 = Debug|Any CPU
		{C519841D-9907-444E-92DC-8CB81D7E0BEC}.Release|Any CPU.ActiveCfg = Release|Any CPU
		{C519841D-9907-444E-92DC-8CB81D7E0BEC}.Release|Any CPU.Build.0 = Release|Any CPU
		{C519841D-9907-444E-92DC-8CB81D7E0BEC}.Release|x64.ActiveCfg = Release|Any CPU
		{C519841D-9907-444E-92DC-8CB81D7E0BEC}.Release|x64.Build.0 = Release|Any CPU
		{C519841D-9907-444E-92DC-8CB81D7E0BEC}.Release|x86.ActiveCfg = Release|Any CPU
		{C519841D-9907-444E-92DC-8CB81D7E0BEC}.Release|x86.Build.0 = Release|Any CPU
	EndGlobalSection
	GlobalSection(SolutionProperties) = preSolution
		HideSolutionNode = FALSE
	EndGlobalSection
	GlobalSection(ExtensibilityGlobals) = postSolution
		SolutionGuid = {5FC301CF-C283-4DCF-A926-E9EFBA766234}
	EndGlobalSection
EndGlobal
